hash: bc0372b924b6c1626bed32bbd843775e25f53c4582638864a1dcf48a4cf93471
updated: 2017-04-23T14:35:25.067860716+09:00
imports:
- name: github.com/andybalholm/cascadia
  version: 349dd0209470eabd9514242c688c403c0926d266
- name: github.com/djimenez/iconv-go
  version: 8960e66bd3dacbc8773962b40eb82fc18c63c127
- name: github.com/PuerkitoBio/goquery
  version: e1271ee34c6a305e38566ecd27ae374944907ee9
- name: golang.org/x/net
  version: ebf4034c6712a18e9ed71fcbf3c723c9266ac088
  subpackages:
  - html
  - html/atom
testImports: []
